
Microsoft Visual Studio Solution File, Format Version 12.00
# Visual Studio Version 16
VisualStudioVersion = 16.0.31005.135
MinimumVisualStudioVersion = 10.0.40219.1
Project("{9A19103F-16F7-4668-BE54-9A1E7A4F7556}") = "Pears", "source\Pears\Pears.csproj", "{A510487F-A7F8-4DD1-A18F-C5577D5E77D0}"
EndProject
Project("{9A19103F-16F7-4668-BE54-9A1E7A4F7556}") = "Pears.Tests", "tests\Pears.Tests\Pears.Tests.csproj", "{17262837-773E-4738-8AD8-80476B2CEAF3}"
EndProject
Project("{9A19103F-16F7-4668-BE54-9A1E7A4F7556}") = "Pears.Sample.Calculator", "samples\Pears.Sample.Calculator\Pears.Sample.Calculator.csproj", "{46025B7C-4396-41A6-85EA-BAF0B5922083}"
EndProject
Project("{9A19103F-16F7-4668-BE54-9A1E7A4F7556}") = "Pears.Sample.SignificantWhitespace", "samples\Pears.Sample.SignificantWhitespace\Pears.Sample.SignificantWhitespace.csproj", "{2A5080CD-FF1B-49B7-A698-848B94D58E2C}"
EndProject
Global
	GlobalSection(SolutionConfigurationPlatforms) = preSolution
		Debug|Any CPU = Debug|Any CPU
		Release|Any CPU = Release|Any CPU
	EndGlobalSection
	GlobalSection(ProjectConfigurationPlatforms) = postSolution
		{A510487F-A7F8-4DD1-A18F-C5577D5E77D0}.Debug|Any CPU.ActiveCfg = Debug|Any CPU
		{A510487F-A7F8-4DD1-A18F-C5577D5E77D0}.Debug|Any CPU.Build.0 = Debug|Any CPU
		{A510487F-A7F8-4DD1-A18F-C5577D5E77D0}.Release|Any CPU.ActiveCfg = Release|Any CPU
		{A510487F-A7F8-4DD1-A18F-C5577D5E77D0}.Release|Any CPU.Build.0 = Release|Any CPU
		{17262837-773E-4738-8AD8-80476B2CEAF3}.Debug|Any CPU.ActiveCfg = Debug|Any CPU
		{17262837-773E-4738-8AD8-80476B2CEAF3}.Debug|Any CPU.Build.0 = Debug|Any CPU
		{17262837-773E-4738-8AD8-80476B2CEAF3}.Release|Any CPU.ActiveCfg = Release|Any CPU
		{17262837-773E-4738-8AD8-80476B2CEAF3}.Release|Any CPU.Build.0 = Release|Any CPU
		{46025B7C-4396-41A6-85EA-BAF0B5922083}.Debug|Any CPU.ActiveCfg = Debug|Any CPU
		{46025B7C-4396-41A6-85EA-BAF0B5922083}.Debug|Any CPU.Build.0 = Debug|Any CPU
		{46025B7C-4396-41A6-85EA-BAF0B5922083}.Release|Any CPU.ActiveCfg = Release|Any CPU
		{46025B7C-4396-41A6-85EA-BAF0B5922083}.Release|Any CPU.Build.0 = Release|Any CPU
		{2A5080CD-FF1B-49B7-A698-848B94D58E2C}.Debug|Any CPU.ActiveCfg = Debug|Any CPU
		{2A5080CD-FF1B-49B7-A698-848B94D58E2C}.Debug|Any CPU.Build.0 = Debug|Any CPU
		{2A5080CD-FF1B-49B7-A698-848B94D58E2C}.Release|Any CPU.ActiveCfg = Release|Any CPU
		{2A5080CD-FF1B-49B7-A698-848B94D58E2C}.Release|Any CPU.Build.0 = Release|Any CPU
	EndGlobalSection
	GlobalSection(SolutionProperties) = preSolution
		HideSolutionNode = FALSE
	EndGlobalSection
	GlobalSection(ExtensibilityGlobals) = postSolution
		SolutionGuid = {714DA3B4-1F51-489B-AFF9-E47302B94D74}
	EndGlobalSection
EndGlobal
