
Microsoft Visual Studio Solution File, Format Version 11.00
# Visual Studio 2010
Project("{FAE04EC0-301F-11D3-BF4B-00C04F79EFBC}") = "Pears", "source\Pears\Pears.csproj", "{64029EC5-B0D4-43EA-B97B-BFFC7BD1B1CD}"
EndProject
Project("{FAE04EC0-301F-11D3-BF4B-00C04F79EFBC}") = "Pears.Tests", "tests\Pears.Tests\Pears.Tests.csproj", "{98632CCE-2059-41D1-AD68-D416FA02FBA8}"
EndProject
Project("{2150E333-8FDC-42A3-9474-1A3956D46DE8}") = "Solution Items", "Solution Items", "{094F740A-A9A7-4358-AE5D-9665A1B1CB81}"
	ProjectSection(SolutionItems) = preProject
		Local.testsettings = Local.testsettings
		Pears.vsmdi = Pears.vsmdi
	EndProjectSection
EndProject
Global
	GlobalSection(TestCaseManagementSettings) = postSolution
		CategoryFile = Pears.vsmdi
	EndGlobalSection
	GlobalSection(SolutionConfigurationPlatforms) = preSolution
		Debug|Any CPU = Debug|Any CPU
		Release|Any CPU = Release|Any CPU
	EndGlobalSection
	GlobalSection(ProjectConfigurationPlatforms) = postSolution
		{64029EC5-B0D4-43EA-B97B-BFFC7BD1B1CD}.Debug|Any CPU.ActiveCfg = Debug|Any CPU
		{64029EC5-B0D4-43EA-B97B-BFFC7BD1B1CD}.Debug|Any CPU.Build.0 = Debug|Any CPU
		{64029EC5-B0D4-43EA-B97B-BFFC7BD1B1CD}.Release|Any CPU.ActiveCfg = Release|Any CPU
		{64029EC5-B0D4-43EA-B97B-BFFC7BD1B1CD}.Release|Any CPU.Build.0 = Release|Any CPU
		{98632CCE-2059-41D1-AD68-D416FA02FBA8}.Debug|Any CPU.ActiveCfg = Debug|Any CPU
		{98632CCE-2059-41D1-AD68-D416FA02FBA8}.Debug|Any CPU.Build.0 = Debug|Any CPU
		{98632CCE-2059-41D1-AD68-D416FA02FBA8}.Release|Any CPU.ActiveCfg = Release|Any CPU
		{98632CCE-2059-41D1-AD68-D416FA02FBA8}.Release|Any CPU.Build.0 = Release|Any CPU
	EndGlobalSection
	GlobalSection(SolutionProperties) = preSolution
		HideSolutionNode = FALSE
	EndGlobalSection
EndGlobal
